github.com/ebitengine/purego v0.10.2 h1:W809HbnvzAxgdm+aOvlSekrM16wGCdT/e76+9tS7gzE=
github.com/ebitengine/purego v0.10.2/go.mod h1:iIjxzd6CiRiOG0UyXP+V1+jWqUXVjPKLAI0mRfJZTmQ=
github.com/go-macos/objc v0.1.1 h1:fcuSplZNWzpZjimxMN3HkDHW7XnHFaGaEDIwrTbhdxs=
github.com/go-macos/objc v0.1.1/go.mod h1:00GJyieLzPcb65rPLVWNPPUCVm79nmmiEXUDsslRpOs=
github.com/go-opentype/bidi v0.2.1 h1:7xCGqywPYxmwSfPBgP1Ewrp2Iwg2S03NeKxGWTz2guo=
github.com/go-opentype/bidi v0.2.1/go.mod h1:PaWZ9P93jwQaXsEvAoSxvJ3P70S9f8TuFGDstTvcfmM=
github.com/go-opentype/fonts v0.6.0 h1:pUKITjwC/gZg+XNCqP5eGLi8RHu2RAIcDrr6yp1VKMU=
github.com/go-opentype/fonts v0.6.0/go.mod h1:C6yQL2apHItfEZ5hztpsHF0S5mlX/hklLlq/Z5fRG/g=
github.com/go-opentype/opentype v0.5.0 h1:++VoqgbXgYACyTTNzUAivoxW9M3m2gxWMAn6bIY7DXg=
github.com/go-opentype/opentype v0.5.0/go.mod h1:AOixevJf7XQaH7+WG+OMIOZEbYPXfMqklVk26Y6YTUU=
github.com/go-opentype/shape v0.4.0 h1:Yz8ooo9+7HlzuzS72YWjJVM22GNGFf6jcxWfNNJOsng=
github.com/go-opentype/shape v0.4.0/go.mod h1:7kybm69yrtRgQnjaxPyYI9nPRFFdBdzlrmjcYCBfCbg=
github.com/go-widgets/painter v0.3.0 h1:Y/0D3WuaiILpjmdV8wSGD66Po6rH5piF3YvjAc6pChI=
github.com/go-widgets/painter v0.3.0/go.mod h1:ccmlkH2UmcXQh6rt9Fu2eDt2RI0B5V0POaGmUKeW0EQ=
github.com/go-widgets/toolkit v0.132.0 h1:ZwlMmuDGRuSuw6wIQ60dpd43ue66k2Ufh42yt/UCUEI=
github.com/go-widgets/toolkit v0.132.0/go.mod h1:RLuErcjKAA5AbWOw9/FfVakvaDk8faeWaL7ZkKRZi3I=
github.com/go-widgets/toolkit v0.135.0 h1:qW+c+NwnRFGrrFnju6rh633Fn2gK0Yti1Uu+abWWc14=
github.com/go-widgets/toolkit v0.135.0/go.mod h1:RLuErcjKAA5AbWOw9/FfVakvaDk8faeWaL7ZkKRZi3I=
