github.com/ebitengine/purego v0.10.2 h1:W809HbnvzAxgdm+aOvlSekrM16wGCdT/e76+9tS7gzE=
github.com/ebitengine/purego v0.10.2/go.mod h1:iIjxzd6CiRiOG0UyXP+V1+jWqUXVjPKLAI0mRfJZTmQ=
github.com/go-freedesktop/dbus v0.1.1 h1:oznjbPKWkRga7lVhgkdQnt9aYfcy7gMYWlGX1HXd6q4=
github.com/go-freedesktop/dbus v0.1.1/go.mod h1:POfbq95HLV4+H2pbs4GQKk8hLC+wbwgIxmrXbhBxgLw=
github.com/go-images/images v0.0.0-20260811115337-bc5d586f8e38 h1:p+DjIujiwUvBiyD0oS9SUatf3pMKo0GpcA4p/Kyv7d8=
github.com/go-images/images v0.0.0-20260811115337-bc5d586f8e38/go.mod h1:nWwQCf77xG1GhaSD3rvlp7FNjjDhz47vrztyeBvIerk=
github.com/go-macos/objc v0.1.1 h1:fcuSplZNWzpZjimxMN3HkDHW7XnHFaGaEDIwrTbhdxs=
github.com/go-macos/objc v0.1.1/go.mod h1:00GJyieLzPcb65rPLVWNPPUCVm79nmmiEXUDsslRpOs=
github.com/go-opentype/bidi v0.2.1 h1:7xCGqywPYxmwSfPBgP1Ewrp2Iwg2S03NeKxGWTz2guo=
github.com/go-opentype/bidi v0.2.1/go.mod h1:PaWZ9P93jwQaXsEvAoSxvJ3P70S9f8TuFGDstTvcfmM=
github.com/go-opentype/fonts v0.6.0 h1:pUKITjwC/gZg+XNCqP5eGLi8RHu2RAIcDrr6yp1VKMU=
github.com/go-opentype/fonts v0.6.0/go.mod h1:C6yQL2apHItfEZ5hztpsHF0S5mlX/hklLlq/Z5fRG/g=
github.com/go-opentype/opentype v0.5.0 h1:++VoqgbXgYACyTTNzUAivoxW9M3m2gxWMAn6bIY7DXg=
github.com/go-opentype/opentype v0.5.0/go.mod h1:AOixevJf7XQaH7+WG+OMIOZEbYPXfMqklVk26Y6YTUU=
github.com/go-opentype/shape v0.4.0 h1:Yz8ooo9+7HlzuzS72YWjJVM22GNGFf6jcxWfNNJOsng=
github.com/go-opentype/shape v0.4.0/go.mod h1:7kybm69yrtRgQnjaxPyYI9nPRFFdBdzlrmjcYCBfCbg=
github.com/go-widgets/painter v0.9.0 h1:/y0qn0+TP3bhdLMi4+/vmUUBnSp3/L2RQBBgwAmJkes=
github.com/go-widgets/painter v0.9.0/go.mod h1:ccmlkH2UmcXQh6rt9Fu2eDt2RI0B5V0POaGmUKeW0EQ=
github.com/go-widgets/toolkit v0.149.0 h1:QHTUpvF0NfkgyQsvJ2fgoIPOOGRV+atI+70KmeeWS+o=
github.com/go-widgets/toolkit v0.149.0/go.mod h1:UZ8tGcFgtmcIZuZPmX1fPncrni7IOG+E0AaeMi0MXcI=
